
Microsoft Visual Studio Solution File, Format Version 12.00
# Visual Studio Version 17
VisualStudioVersion = 17.14.36327.8 d17.14
MinimumVisualStudioVersion = 10.0.40219.1
Project("{FAE04EC0-301F-11D3-BF4B-00C04F79EFBC}") = "geoClaudr", "geoClaudr\geoClaudr.csproj", "{62EC21F8-DED5-42C1-A2D0-65EE344C03BE}"
EndProject
Global
	GlobalSection(SolutionConfigurationPlatforms) = preSolution
		Debug|Any CPU = Debug|Any CPU
		Release|Any CPU = Release|Any CPU
	EndGlobalSection
	GlobalSection(ProjectConfigurationPlatforms) = postSolution
		{62EC21F8-DED5-42C1-A2D0-65EE344C03BE}.Debug|Any CPU.ActiveCfg = Debug|Any CPU
		{62EC21F8-DED5-42C1-A2D0-65EE344C03BE}.Debug|Any CPU.Build.0 = Debug|Any CPU
		{62EC21F8-DED5-42C1-A2D0-65EE344C03BE}.Release|Any CPU.ActiveCfg = Release|Any CPU
		{62EC21F8-DED5-42C1-A2D0-65EE344C03BE}.Release|Any CPU.Build.0 = Release|Any CPU
	EndGlobalSection
	GlobalSection(SolutionProperties) = preSolution
		HideSolutionNode = FALSE
	EndGlobalSection
	GlobalSection(ExtensibilityGlobals) = postSolution
		SolutionGuid = {AE71E5C5-F337-4206-82CC-156FA42B84CC}
	EndGlobalSection
EndGlobal
